<?xml version="1.0" encoding="utf-8"?>
<Project ToolsVersion="4.0" xmlns="http://schemas.microsoft.com/developer/msbuild/2003">
  <ItemGroup>
    <ClCompile Include="..\..\source\extensions\stdapi\server\fs\mount_win.c" />
    <ClCompile Include="..\..\source\extensions\stdapi\server\general.c" />
    <ClCompile Include="..\..\source\extensions\stdapi\server\net\config\arp.c" />
    <ClCompile Include="..\..\source\extensions\stdapi\server\net\config\netstat.c" />
    <ClCompile Include="..\..\source\extensions\stdapi\server\net\config\proxy_config.c" />
    <ClCompile Include="..\..\source\extensions\stdapi\server\net\resolve.c" />
    <ClCompile Include="..\..\source\extensions\stdapi\server\stdapi.c" />
    <ClCompile Include="..\..\source\extensions\stdapi\server\fs\dir.c" />
    <ClCompile Include="..\..\source\extensions\stdapi\server\fs\file.c" />
    <ClCompile Include="..\..\source\extensions\stdapi\server\fs\fs_win.c" />
    <ClCompile Include="..\..\source\extensions\stdapi\server\fs\search.c" />
    <ClCompile Include="..\..\source\extensions\stdapi\server\net\net.c" />
    <ClCompile Include="..\..\source\extensions\stdapi\server\net\config\interface.c" />
    <ClCompile Include="..\..\source\extensions\stdapi\server\net\config\route.c" />
    <ClCompile Include="..\..\source\extensions\stdapi\server\net\socket\tcp.c" />
    <ClCompile Include="..\..\source\extensions\stdapi\server\net\socket\tcp_server.c" />
    <ClCompile Include="..\..\source\extensions\stdapi\server\net\socket\udp.c" />
    <ClCompile Include="..\..\source\extensions\stdapi\server\sys\session.c" />
    <ClCompile Include="..\..\source\extensions\stdapi\server\sys\process\image.c" />
    <ClCompile Include="..\..\source\extensions\stdapi\server\sys\process\in-mem-exe.c" />
    <ClCompile Include="..\..\source\extensions\stdapi\server\sys\process\memory.c" />
    <ClCompile Include="..\..\source\extensions\stdapi\server\sys\process\process.c" />
    <ClCompile Include="..\..\source\extensions\stdapi\server\sys\process\ps.c" />
    <ClCompile Include="..\..\source\extensions\stdapi\server\sys\process\thread.c" />
    <ClCompile Include="..\..\source\extensions\stdapi\server\sys\process\util.c" />
    <ClCompile Include="..\..\source\extensions\stdapi\server\sys\registry\registry.c" />
    <ClCompile Include="..\..\source\extensions\stdapi\server\sys\power\power.c" />
    <ClCompile Include="..\..\source\extensions\stdapi\server\sys\eventlog\eventlog.c" />
    <ClCompile Include="..\..\source\extensions\stdapi\server\sys\config\config.c" />
    <ClCompile Include="..\..\source\extensions\stdapi\server\ui\desktop.c" />
    <ClCompile Include="..\..\source\extensions\stdapi\server\ui\idle.c" />
    <ClCompile Include="..\..\source\extensions\stdapi\server\ui\keyboard.c" />
    <ClCompile Include="..\..\source\extensions\stdapi\server\ui\mouse.c" />
    <ClCompile Include="..\..\source\extensions\stdapi\server\ui\ui.c" />
    <ClCompile Include="..\..\source\extensions\stdapi\server\railgun\railgun.c" />
    <ClCompile Include="..\..\source\extensions\stdapi\server\webcam\audio.c" />
    <ClCompile Include="..\..\source\extensions\stdapi\server\webcam\bmp2jpeg.c" />
    <ClCompile Include="..\..\source\extensions\stdapi\server\webcam\webcam.cpp" />
    <ClCompile Include="..\..\source\extensions\stdapi\server\net\named_pipe\named_pipe_server.c">
      <Filter>named_pipe</Filter>
    </ClCompile>
  </ItemGroup>
  <ItemGroup>
    <ClInclude Include="..\..\source\extensions\stdapi\server\precomp.h" />
    <ClInclude Include="..\..\source\extensions\stdapi\server\sys\config\config.h" />
    <ClInclude Include="..\..\source\extensions\stdapi\stdapi.h" />
    <ClInclude Include="..\..\source\extensions\stdapi\server\net\net.h" />
    <ClInclude Include="..\..\source\extensions\stdapi\server\net\socket\tcp.h" />
    <ClInclude Include="..\..\source\extensions\stdapi\server\net\socket\udp.h" />
    <ClInclude Include="..\..\source\extensions\stdapi\server\sys\session.h" />
    <ClInclude Include="..\..\source\extensions\stdapi\server\sys\sys.h" />
    <ClInclude Include="..\..\source\extensions\stdapi\server\sys\process\in-mem-exe.h" />
    <ClInclude Include="..\..\source\extensions\stdapi\server\sys\process\process.h" />
    <ClInclude Include="..\..\source\extensions\stdapi\server\sys\process\ps.h" />
    <ClInclude Include="..\..\source\extensions\stdapi\server\sys\registry\registry.h" />
    <ClInclude Include="..\..\source\extensions\stdapi\server\sys\power\power.h" />
    <ClInclude Include="..\..\source\extensions\stdapi\server\sys\eventlog\eventlog.h" />
    <ClInclude Include="..\..\source\extensions\stdapi\server\ui\ui.h" />
    <ClInclude Include="..\..\source\extensions\stdapi\server\railgun\railgun.h" />
    <ClInclude Include="..\..\source\extensions\stdapi\server\webcam\audio.h" />
    <ClInclude Include="..\..\source\extensions\stdapi\server\webcam\bmp2jpeg.h" />
    <ClInclude Include="..\..\source\extensions\stdapi\server\webcam\webcam.h" />
    <ClInclude Include="..\..\source\extensions\stdapi\server\fs\fs.h" />
    <ClInclude Include="..\..\source\extensions\stdapi\server\fs\fs_local.h" />
    <ClInclude Include="..\..\source\extensions\stdapi\server\fs\search.h" />
    <ClInclude Include="..\..\source\extensions\stdapi\server\net\named_pipe\named_pipe_server.h">
      <Filter>named_pipe</Filter>
    </ClInclude>
  </ItemGroup>
  <ItemGroup>
    <ResourceCompile Include="..\..\source\extensions\stdapi\server\resource\stdapi.rc" />
  </ItemGroup>
  <ItemGroup>
    <None Include="..\..\source\extensions\stdapi\server\resource\hook.dll" />
  </ItemGroup>
  <ItemGroup>
    <Filter Include="named_pipe">
      <UniqueIdentifier>{ac7c0ba2-067a-4c1c-b029-ae61a3f80511}</UniqueIdentifier>
    </Filter>
  </ItemGroup>
</Project>