<?xml version="1.0" encoding="utf-8"?>
<Project ToolsVersion="4.0" xmlns="http://schemas.microsoft.com/developer/msbuild/2003">
  <ItemGroup>
    <ClInclude Include="..\..\source\metsrv\pivot_packet_dispatch.h" />
    <ClInclude Include="..\..\source\metsrv\pivot_tree.h" />
    <ClInclude Include="..\..\source\metsrv\remote.h" />
    <ClInclude Include="..\..\source\metsrv\remote_dispatch.h" />
    <ClInclude Include="..\..\source\metsrv\remote_thread.h" />
    <ClInclude Include="..\..\source\metsrv\scheduler.h" />
    <ClInclude Include="..\..\source\metsrv\server_pivot.h" />
    <ClInclude Include="..\..\source\metsrv\server_pivot_named_pipe.h" />
    <ClInclude Include="..\..\source\metsrv\server_transport_named_pipe.h" />
    <ClInclude Include="..\..\source\metsrv\server_transport_tcp.h" />
    <ClInclude Include="..\..\source\metsrv\server_transport_winhttp.h" />
    <ClInclude Include="..\..\source\metsrv\server_transport_wininet.h" />
    <ClInclude Include="..\..\source\metsrv\thread.h" />
    <ClInclude Include="..\..\source\metsrv\unicode.h" />
    <ClInclude Include="..\..\source\metsrv\zlib.h" />
    <ClInclude Include="..\..\source\metsrv\base.h" />
    <ClInclude Include="..\..\source\metsrv\base_inject.h" />
    <ClInclude Include="..\..\source\metsrv\channel.h" />
    <ClInclude Include="..\..\source\metsrv\core.h" />
    <ClInclude Include="..\..\source\metsrv\libloader.h" />
    <ClInclude Include="..\..\source\metsrv\list.h" />
    <ClInclude Include="..\..\source\metsrv\metsrv.h" />
    <ClInclude Include="..\..\source\metsrv\packet_encryption.h" />
    <ClInclude Include="..\..\source\metsrv\metapi.h" />
    <ClInclude Include="..\..\source\metsrv\pool_party.h" />
    <ClInclude Include="..\..\source\metsrv\pool_party_ext.h" />
  </ItemGroup>
  <ItemGroup>
    <ClCompile Include="..\..\source\metsrv\pivot_tree.c" />
    <ClCompile Include="..\..\source\metsrv\remote.c" />
    <ClCompile Include="..\..\source\metsrv\remote_dispatch.c" />
    <ClCompile Include="..\..\source\metsrv\remote_thread.c" />
    <ClCompile Include="..\..\source\metsrv\scheduler.c" />
    <ClCompile Include="..\..\source\metsrv\server_pivot.c" />
    <ClCompile Include="..\..\source\metsrv\server_pivot_named_pipe.c" />
    <ClCompile Include="..\..\source\metsrv\server_transport_named_pipe.c" />
    <ClCompile Include="..\..\source\metsrv\server_transport_tcp.c" />
    <ClCompile Include="..\..\source\metsrv\server_transport_winhttp.c" />
    <ClCompile Include="..\..\source\metsrv\server_transport_wininet.c" />
    <ClCompile Include="..\..\source\metsrv\thread.c" />
    <ClCompile Include="..\..\source\metsrv\unicode.c" />
    <ClCompile Include="..\..\source\metsrv\zlib.c" />
    <ClCompile Include="..\..\source\metsrv\base.c" />
    <ClCompile Include="..\..\source\metsrv\base_dispatch.c" />
    <ClCompile Include="..\..\source\metsrv\base_inject.c" />
    <ClCompile Include="..\..\source\metsrv\channel.c" />
    <ClCompile Include="..\..\source\metsrv\core.c" />
    <ClCompile Include="..\..\source\metsrv\libloader.c" />
    <ClCompile Include="..\..\source\metsrv\list.c" />
    <ClCompile Include="..\..\source\metsrv\metsrv.c" />
    <ClCompile Include="..\..\source\metsrv\packet_encryption.c" />
    <ClCompile Include="..\..\source\metsrv\pivot_packet_dispatch.c" />
    <ClCompile Include="..\..\source\metsrv\server_setup.c" />
    <ClCompile Include="..\..\source\metsrv\metapi.c" />
    <ClCompile Include="..\..\source\logging\logging.c" />
    <ClCompile Include="..\..\source\metsrv\pool_party.c" />
  </ItemGroup>
  <ItemGroup>
    <MASM Include="..\..\source\ReflectiveDLLInjection\dll\src\GateTrampoline64.asm" />
    <MASM Include="..\..\source\ReflectiveDLLInjection\dll\src\GateTrampoline32.asm" />
  </ItemGroup>
</Project>