
Microsoft Visual Studio Solution File, Format Version 12.00
# Visual Studio 2013
VisualStudioVersion = 12.0.21005.1
MinimumVisualStudioVersion = 10.0.40219.1
Project("{8BC9CEB8-8B4A-11D0-8D11-00A0C91BC942}") = "common", "common\common.vcxproj", "{9E4DE963-873F-4525-A7D0-CE34EDBBDCCA}"
EndProject
Project("{8BC9CEB8-8B4A-11D0-8D11-00A0C91BC942}") = "ext_server_priv", "ext_server_priv\ext_server_priv.vcxproj", "{87C64204-C82F-415D-AF45-D0B33BDFE39A}"
EndProject
Project("{8BC9CEB8-8B4A-11D0-8D11-00A0C91BC942}") = "ext_server_stdapi", "ext_server_stdapi\ext_server_stdapi.vcxproj", "{405245AB-0071-4CB9-BFBE-ED4E2A987EFF}"
EndProject
Project("{8BC9CEB8-8B4A-11D0-8D11-00A0C91BC942}") = "metsrv", "metsrv\metsrv.vcxproj", "{37E24F8F-1BD9-490B-8CD2-4768B89E5EAB}"
EndProject
Project("{8BC9CEB8-8B4A-11D0-8D11-00A0C91BC942}") = "ReflectiveDLLInjection", "ReflectiveDLLInjection\ReflectiveDLLInjection.vcxproj", "{72F0246A-A38D-4547-9057-46020E8E503D}"
EndProject
Project("{8BC9CEB8-8B4A-11D0-8D11-00A0C91BC942}") = "ext_server_incognito", "ext_server_incognito\ext_server_incognito.vcxproj", "{C427F6B9-C287-4BDA-A5BB-401FC19E207C}"
EndProject
Project("{8BC9CEB8-8B4A-11D0-8D11-00A0C91BC942}") = "ext_server_espia", "ext_server_espia\ext_server_espia.vcxproj", "{CF56DDCC-505F-4D5C-AC2E-9787C7EF1504}"
EndProject
Project("{8BC9CEB8-8B4A-11D0-8D11-00A0C91BC942}") = "elevator", "elevator\elevator.vcxproj", "{662AFBB3-F64A-4AD1-8956-B9F1B846231C}"
EndProject
Project("{8BC9CEB8-8B4A-11D0-8D11-00A0C91BC942}") = "screenshot", "screenshot\screenshot.vcxproj", "{09DF8FBC-EDFB-44E6-ACE6-9C0F5A60AB1C}"
EndProject
Project("{8BC9CEB8-8B4A-11D0-8D11-00A0C91BC942}") = "ext_server_lanattacks", "ext_server_lanattacks\ext_server_lanattacks.vcxproj", "{2FCCCE33-77E9-43F3-928E-DBF6B9340A62}"
EndProject
Project("{8BC9CEB8-8B4A-11D0-8D11-00A0C91BC942}") = "backcompat", "backcompat\backcompat.vcxproj", "{C6FB3275-9067-4BBA-9206-0A720D2BC64F}"
EndProject
Project("{8BC9CEB8-8B4A-11D0-8D11-00A0C91BC942}") = "ext_server_mimikatz", "ext_server_mimikatz\ext_server_mimikatz.vcxproj", "{5104C280-92CA-4317-922C-1EF73DE1C6C1}"
EndProject
Project("{8BC9CEB8-8B4A-11D0-8D11-00A0C91BC942}") = "ext_server_sniffer", "ext_server_sniffer\ext_server_sniffer.vcxproj", "{BF0C0D6E-9119-4518-A3BC-2CF99C0E27D9}"
EndProject
Project("{8BC9CEB8-8B4A-11D0-8D11-00A0C91BC942}") = "ext_server_extapi", "ext_server_extapi\ext_server_extapi.vcxproj", "{42E143CB-6086-4FF1-A4AE-D8545782DD31}"
EndProject
Project("{8BC9CEB8-8B4A-11D0-8D11-00A0C91BC942}") = "ext_server_python", "ext_server_python\ext_server_python.vcxproj", "{FB776F5E-BF58-478F-94EE-5B69D84DB9ED}"
EndProject
Project("{8BC9CEB8-8B4A-11D0-8D11-00A0C91BC942}") = "ext_server_kiwi", "ext_server_kiwi\ext_server_kiwi.vcxproj", "{1C307A8B-A88E-43EE-8E80-01E6EFE38697}"
EndProject
Global
	GlobalSection(SolutionConfigurationPlatforms) = preSolution
		r7_release|Win32 = r7_release|Win32
		r7_release|x64 = r7_release|x64
		Release|Win32 = Release|Win32
		Release|x64 = Release|x64
	EndGlobalSection
	GlobalSection(ProjectConfigurationPlatforms) = postSolution
		{9E4DE963-873F-4525-A7D0-CE34EDBBDCCA}.r7_release|Win32.ActiveCfg = r7_release|Win32
		{9E4DE963-873F-4525-A7D0-CE34EDBBDCCA}.r7_release|Win32.Build.0 = r7_release|Win32
		{9E4DE963-873F-4525-A7D0-CE34EDBBDCCA}.r7_release|x64.ActiveCfg = r7_release|x64
		{9E4DE963-873F-4525-A7D0-CE34EDBBDCCA}.r7_release|x64.Build.0 = r7_release|x64
		{9E4DE963-873F-4525-A7D0-CE34EDBBDCCA}.Release|Win32.ActiveCfg = Release|Win32
		{9E4DE963-873F-4525-A7D0-CE34EDBBDCCA}.Release|Win32.Build.0 = Release|Win32
		{9E4DE963-873F-4525-A7D0-CE34EDBBDCCA}.Release|x64.ActiveCfg = Release|x64
		{9E4DE963-873F-4525-A7D0-CE34EDBBDCCA}.Release|x64.Build.0 = Release|x64
		{87C64204-C82F-415D-AF45-D0B33BDFE39A}.r7_release|Win32.ActiveCfg = r7_release|Win32
		{87C64204-C82F-415D-AF45-D0B33BDFE39A}.r7_release|Win32.Build.0 = r7_release|Win32
		{87C64204-C82F-415D-AF45-D0B33BDFE39A}.r7_release|x64.ActiveCfg = r7_release|x64
		{87C64204-C82F-415D-AF45-D0B33BDFE39A}.r7_release|x64.Build.0 = r7_release|x64
		{87C64204-C82F-415D-AF45-D0B33BDFE39A}.Release|Win32.ActiveCfg = Release|Win32
		{87C64204-C82F-415D-AF45-D0B33BDFE39A}.Release|Win32.Build.0 = Release|Win32
		{87C64204-C82F-415D-AF45-D0B33BDFE39A}.Release|x64.ActiveCfg = Release|x64
		{87C64204-C82F-415D-AF45-D0B33BDFE39A}.Release|x64.Build.0 = Release|x64
		{405245AB-0071-4CB9-BFBE-ED4E2A987EFF}.r7_release|Win32.ActiveCfg = r7_release|Win32
		{405245AB-0071-4CB9-BFBE-ED4E2A987EFF}.r7_release|Win32.Build.0 = r7_release|Win32
		{405245AB-0071-4CB9-BFBE-ED4E2A987EFF}.r7_release|x64.ActiveCfg = r7_release|x64
		{405245AB-0071-4CB9-BFBE-ED4E2A987EFF}.r7_release|x64.Build.0 = r7_release|x64
		{405245AB-0071-4CB9-BFBE-ED4E2A987EFF}.Release|Win32.ActiveCfg = Release|Win32
		{405245AB-0071-4CB9-BFBE-ED4E2A987EFF}.Release|Win32.Build.0 = Release|Win32
		{405245AB-0071-4CB9-BFBE-ED4E2A987EFF}.Release|x64.ActiveCfg = Release|x64
		{405245AB-0071-4CB9-BFBE-ED4E2A987EFF}.Release|x64.Build.0 = Release|x64
		{37E24F8F-1BD9-490B-8CD2-4768B89E5EAB}.r7_release|Win32.ActiveCfg = r7_release|Win32
		{37E24F8F-1BD9-490B-8CD2-4768B89E5EAB}.r7_release|Win32.Build.0 = r7_release|Win32
		{37E24F8F-1BD9-490B-8CD2-4768B89E5EAB}.r7_release|x64.ActiveCfg = r7_release|x64
		{37E24F8F-1BD9-490B-8CD2-4768B89E5EAB}.r7_release|x64.Build.0 = r7_release|x64
		{37E24F8F-1BD9-490B-8CD2-4768B89E5EAB}.Release|Win32.ActiveCfg = Release|Win32
		{37E24F8F-1BD9-490B-8CD2-4768B89E5EAB}.Release|Win32.Build.0 = Release|Win32
		{37E24F8F-1BD9-490B-8CD2-4768B89E5EAB}.Release|x64.ActiveCfg = Release|x64
		{37E24F8F-1BD9-490B-8CD2-4768B89E5EAB}.Release|x64.Build.0 = Release|x64
		{72F0246A-A38D-4547-9057-46020E8E503D}.r7_release|Win32.ActiveCfg = r7_release|Win32
		{72F0246A-A38D-4547-9057-46020E8E503D}.r7_release|Win32.Build.0 = r7_release|Win32
		{72F0246A-A38D-4547-9057-46020E8E503D}.r7_release|x64.ActiveCfg = r7_release|x64
		{72F0246A-A38D-4547-9057-46020E8E503D}.r7_release|x64.Build.0 = r7_release|x64
		{72F0246A-A38D-4547-9057-46020E8E503D}.Release|Win32.ActiveCfg = Release|Win32
		{72F0246A-A38D-4547-9057-46020E8E503D}.Release|Win32.Build.0 = Release|Win32
		{72F0246A-A38D-4547-9057-46020E8E503D}.Release|x64.ActiveCfg = Release|x64
		{72F0246A-A38D-4547-9057-46020E8E503D}.Release|x64.Build.0 = Release|x64
		{C427F6B9-C287-4BDA-A5BB-401FC19E207C}.r7_release|Win32.ActiveCfg = r7_release|Win32
		{C427F6B9-C287-4BDA-A5BB-401FC19E207C}.r7_release|Win32.Build.0 = r7_release|Win32
		{C427F6B9-C287-4BDA-A5BB-401FC19E207C}.r7_release|x64.ActiveCfg = r7_release|x64
		{C427F6B9-C287-4BDA-A5BB-401FC19E207C}.r7_release|x64.Build.0 = r7_release|x64
		{C427F6B9-C287-4BDA-A5BB-401FC19E207C}.Release|Win32.ActiveCfg = Release|Win32
		{C427F6B9-C287-4BDA-A5BB-401FC19E207C}.Release|Win32.Build.0 = Release|Win32
		{C427F6B9-C287-4BDA-A5BB-401FC19E207C}.Release|x64.ActiveCfg = Release|x64
		{C427F6B9-C287-4BDA-A5BB-401FC19E207C}.Release|x64.Build.0 = Release|x64
		{CF56DDCC-505F-4D5C-AC2E-9787C7EF1504}.r7_release|Win32.ActiveCfg = r7_release|Win32
		{CF56DDCC-505F-4D5C-AC2E-9787C7EF1504}.r7_release|Win32.Build.0 = r7_release|Win32
		{CF56DDCC-505F-4D5C-AC2E-9787C7EF1504}.r7_release|x64.ActiveCfg = r7_release|x64
		{CF56DDCC-505F-4D5C-AC2E-9787C7EF1504}.r7_release|x64.Build.0 = r7_release|x64
		{CF56DDCC-505F-4D5C-AC2E-9787C7EF1504}.Release|Win32.ActiveCfg = Release|Win32
		{CF56DDCC-505F-4D5C-AC2E-9787C7EF1504}.Release|Win32.Build.0 = Release|Win32
		{CF56DDCC-505F-4D5C-AC2E-9787C7EF1504}.Release|x64.ActiveCfg = Release|x64
		{CF56DDCC-505F-4D5C-AC2E-9787C7EF1504}.Release|x64.Build.0 = Release|x64
		{662AFBB3-F64A-4AD1-8956-B9F1B846231C}.r7_release|Win32.ActiveCfg = r7_release|Win32
		{662AFBB3-F64A-4AD1-8956-B9F1B846231C}.r7_release|Win32.Build.0 = r7_release|Win32
		{662AFBB3-F64A-4AD1-8956-B9F1B846231C}.r7_release|x64.ActiveCfg = r7_release|x64
		{662AFBB3-F64A-4AD1-8956-B9F1B846231C}.r7_release|x64.Build.0 = r7_release|x64
		{662AFBB3-F64A-4AD1-8956-B9F1B846231C}.Release|Win32.ActiveCfg = Release|Win32
		{662AFBB3-F64A-4AD1-8956-B9F1B846231C}.Release|Win32.Build.0 = Release|Win32
		{662AFBB3-F64A-4AD1-8956-B9F1B846231C}.Release|x64.ActiveCfg = Release|x64
		{662AFBB3-F64A-4AD1-8956-B9F1B846231C}.Release|x64.Build.0 = Release|x64
		{09DF8FBC-EDFB-44E6-ACE6-9C0F5A60AB1C}.r7_release|Win32.ActiveCfg = r7_release|Win32
		{09DF8FBC-EDFB-44E6-ACE6-9C0F5A60AB1C}.r7_release|Win32.Build.0 = r7_release|Win32
		{09DF8FBC-EDFB-44E6-ACE6-9C0F5A60AB1C}.r7_release|x64.ActiveCfg = r7_release|x64
		{09DF8FBC-EDFB-44E6-ACE6-9C0F5A60AB1C}.r7_release|x64.Build.0 = r7_release|x64
		{09DF8FBC-EDFB-44E6-ACE6-9C0F5A60AB1C}.Release|Win32.ActiveCfg = Release|Win32
		{09DF8FBC-EDFB-44E6-ACE6-9C0F5A60AB1C}.Release|Win32.Build.0 = Release|Win32
		{09DF8FBC-EDFB-44E6-ACE6-9C0F5A60AB1C}.Release|x64.ActiveCfg = Release|x64
		{09DF8FBC-EDFB-44E6-ACE6-9C0F5A60AB1C}.Release|x64.Build.0 = Release|x64
		{2FCCCE33-77E9-43F3-928E-DBF6B9340A62}.r7_release|Win32.ActiveCfg = r7_release|Win32
		{2FCCCE33-77E9-43F3-928E-DBF6B9340A62}.r7_release|Win32.Build.0 = r7_release|Win32
		{2FCCCE33-77E9-43F3-928E-DBF6B9340A62}.r7_release|x64.ActiveCfg = r7_release|x64
		{2FCCCE33-77E9-43F3-928E-DBF6B9340A62}.r7_release|x64.Build.0 = r7_release|x64
		{2FCCCE33-77E9-43F3-928E-DBF6B9340A62}.Release|Win32.ActiveCfg = Release|Win32
		{2FCCCE33-77E9-43F3-928E-DBF6B9340A62}.Release|Win32.Build.0 = Release|Win32
		{2FCCCE33-77E9-43F3-928E-DBF6B9340A62}.Release|x64.ActiveCfg = Release|x64
		{2FCCCE33-77E9-43F3-928E-DBF6B9340A62}.Release|x64.Build.0 = Release|x64
		{C6FB3275-9067-4BBA-9206-0A720D2BC64F}.r7_release|Win32.ActiveCfg = r7_release|Win32
		{C6FB3275-9067-4BBA-9206-0A720D2BC64F}.r7_release|Win32.Build.0 = r7_release|Win32
		{C6FB3275-9067-4BBA-9206-0A720D2BC64F}.r7_release|x64.ActiveCfg = r7_release|Win32
		{C6FB3275-9067-4BBA-9206-0A720D2BC64F}.r7_release|x64.Build.0 = r7_release|Win32
		{C6FB3275-9067-4BBA-9206-0A720D2BC64F}.Release|Win32.ActiveCfg = Release|Win32
		{C6FB3275-9067-4BBA-9206-0A720D2BC64F}.Release|Win32.Build.0 = Release|Win32
		{C6FB3275-9067-4BBA-9206-0A720D2BC64F}.Release|x64.ActiveCfg = Release|Win32
		{C6FB3275-9067-4BBA-9206-0A720D2BC64F}.Release|x64.Build.0 = Release|Win32
		{5104C280-92CA-4317-922C-1EF73DE1C6C1}.r7_release|Win32.ActiveCfg = r7_release|Win32
		{5104C280-92CA-4317-922C-1EF73DE1C6C1}.r7_release|Win32.Build.0 = r7_release|Win32
		{5104C280-92CA-4317-922C-1EF73DE1C6C1}.r7_release|x64.ActiveCfg = r7_release|x64
		{5104C280-92CA-4317-922C-1EF73DE1C6C1}.r7_release|x64.Build.0 = r7_release|x64
		{5104C280-92CA-4317-922C-1EF73DE1C6C1}.Release|Win32.ActiveCfg = Release|Win32
		{5104C280-92CA-4317-922C-1EF73DE1C6C1}.Release|Win32.Build.0 = Release|Win32
		{5104C280-92CA-4317-922C-1EF73DE1C6C1}.Release|x64.ActiveCfg = Release|x64
		{5104C280-92CA-4317-922C-1EF73DE1C6C1}.Release|x64.Build.0 = Release|x64
		{BF0C0D6E-9119-4518-A3BC-2CF99C0E27D9}.r7_release|Win32.ActiveCfg = r7_release|Win32
		{BF0C0D6E-9119-4518-A3BC-2CF99C0E27D9}.r7_release|Win32.Build.0 = r7_release|Win32
		{BF0C0D6E-9119-4518-A3BC-2CF99C0E27D9}.r7_release|x64.ActiveCfg = r7_release|x64
		{BF0C0D6E-9119-4518-A3BC-2CF99C0E27D9}.r7_release|x64.Build.0 = r7_release|x64
		{BF0C0D6E-9119-4518-A3BC-2CF99C0E27D9}.Release|Win32.ActiveCfg = r7_release|Win32
		{BF0C0D6E-9119-4518-A3BC-2CF99C0E27D9}.Release|x64.ActiveCfg = r7_release|x64
		{42E143CB-6086-4FF1-A4AE-D8545782DD31}.r7_release|Win32.ActiveCfg = r7_release|Win32
		{42E143CB-6086-4FF1-A4AE-D8545782DD31}.r7_release|Win32.Build.0 = r7_release|Win32
		{42E143CB-6086-4FF1-A4AE-D8545782DD31}.r7_release|x64.ActiveCfg = r7_release|x64
		{42E143CB-6086-4FF1-A4AE-D8545782DD31}.r7_release|x64.Build.0 = r7_release|x64
		{42E143CB-6086-4FF1-A4AE-D8545782DD31}.Release|Win32.ActiveCfg = Release|Win32
		{42E143CB-6086-4FF1-A4AE-D8545782DD31}.Release|Win32.Build.0 = Release|Win32
		{42E143CB-6086-4FF1-A4AE-D8545782DD31}.Release|x64.ActiveCfg = Release|x64
		{42E143CB-6086-4FF1-A4AE-D8545782DD31}.Release|x64.Build.0 = Release|x64
		{FB776F5E-BF58-478F-94EE-5B69D84DB9ED}.r7_release|Win32.ActiveCfg = r7_release|Win32
		{FB776F5E-BF58-478F-94EE-5B69D84DB9ED}.r7_release|Win32.Build.0 = r7_release|Win32
		{FB776F5E-BF58-478F-94EE-5B69D84DB9ED}.r7_release|x64.ActiveCfg = r7_release|x64
		{FB776F5E-BF58-478F-94EE-5B69D84DB9ED}.r7_release|x64.Build.0 = r7_release|x64
		{FB776F5E-BF58-478F-94EE-5B69D84DB9ED}.Release|Win32.ActiveCfg = Release|Win32
		{FB776F5E-BF58-478F-94EE-5B69D84DB9ED}.Release|Win32.Build.0 = Release|Win32
		{FB776F5E-BF58-478F-94EE-5B69D84DB9ED}.Release|x64.ActiveCfg = Release|x64
		{FB776F5E-BF58-478F-94EE-5B69D84DB9ED}.Release|x64.Build.0 = Release|x64
		{1C307A8B-A88E-43EE-8E80-01E6EFE38697}.r7_release|Win32.ActiveCfg = r7_release|Win32
		{1C307A8B-A88E-43EE-8E80-01E6EFE38697}.r7_release|Win32.Build.0 = r7_release|Win32
		{1C307A8B-A88E-43EE-8E80-01E6EFE38697}.r7_release|x64.ActiveCfg = r7_release|x64
		{1C307A8B-A88E-43EE-8E80-01E6EFE38697}.r7_release|x64.Build.0 = r7_release|x64
		{1C307A8B-A88E-43EE-8E80-01E6EFE38697}.Release|Win32.ActiveCfg = Release|Win32
		{1C307A8B-A88E-43EE-8E80-01E6EFE38697}.Release|Win32.Build.0 = Release|Win32
		{1C307A8B-A88E-43EE-8E80-01E6EFE38697}.Release|x64.ActiveCfg = Release|x64
		{1C307A8B-A88E-43EE-8E80-01E6EFE38697}.Release|x64.Build.0 = Release|x64
	EndGlobalSection
	GlobalSection(SolutionProperties) = preSolution
		HideSolutionNode = FALSE
	EndGlobalSection
EndGlobal
