
Microsoft Visual Studio Solution File, Format Version 12.00
# Visual Studio 2013
VisualStudioVersion = 12.0.40629.0
MinimumVisualStudioVersion = 10.0.40219.1
Project("{FAE04EC0-301F-11D3-BF4B-00C04F79EFBC}") = "MSF.Powershell", "MSF.Powershell.csproj", "{FA166AAC-7D05-4B71-99CE-015C9BD23483}"
EndProject
Project("{FAE04EC0-301F-11D3-BF4B-00C04F79EFBC}") = "MSF.PowershellTester", "MSF.PowershellTester\MSF.PowershellTester.csproj", "{E19828C6-E40D-4CAE-8D49-5F4892DFD4B7}"
EndProject
Global
	GlobalSection(SolutionConfigurationPlatforms) = preSolution
		Debug|Any CPU = Debug|Any CPU
		Release|Any CPU = Release|Any CPU
	EndGlobalSection
	GlobalSection(ProjectConfigurationPlatforms) = postSolution
		{FA166AAC-7D05-4B71-99CE-015C9BD23483}.Debug|Any CPU.ActiveCfg = Debug|Any CPU
		{FA166AAC-7D05-4B71-99CE-015C9BD23483}.Debug|Any CPU.Build.0 = Debug|Any CPU
		{FA166AAC-7D05-4B71-99CE-015C9BD23483}.Release|Any CPU.ActiveCfg = Release|Any CPU
		{FA166AAC-7D05-4B71-99CE-015C9BD23483}.Release|Any CPU.Build.0 = Release|Any CPU
		{E19828C6-E40D-4CAE-8D49-5F4892DFD4B7}.Debug|Any CPU.ActiveCfg = Debug|Any CPU
		{E19828C6-E40D-4CAE-8D49-5F4892DFD4B7}.Debug|Any CPU.Build.0 = Debug|Any CPU
		{E19828C6-E40D-4CAE-8D49-5F4892DFD4B7}.Release|Any CPU.ActiveCfg = Release|Any CPU
		{E19828C6-E40D-4CAE-8D49-5F4892DFD4B7}.Release|Any CPU.Build.0 = Release|Any CPU
	EndGlobalSection
	GlobalSection(SolutionProperties) = preSolution
		HideSolutionNode = FALSE
	EndGlobalSection
EndGlobal
